github.com/go-errors/errors v1.0.1 h1:LUHzmkK3GUKUrL/1gfBUxAHzcev3apQlezX/+O7ma6w=
github.com/go-errors/errors v1.0.1/go.mod h1:f4zRHt4oKfwPJE5k8C9vpYG+aDHdBFUsgrm6/TyX73Q=
github.com/padchin/serial v0.0.0-20180830185346-98f6abe2eb07 h1:mLg/MMJS+Kddfe25TxEYuRb7co0HYawYg6t4PCHeDLw=
github.com/padchin/serial v0.0.0-20180830185346-98f6abe2eb07/go.mod h1:ZKjw4dn62k7K6Lg5idUMWvoeGqj6YFJ4oLt15IUn1Qg=
golang.org/x/sys v0.0.0-20191029155521-f43be2a4598c h1:S/FtSvpNLtFBgjTqcKsRpsa6aVsI6iztaz1bQd9BJwE=
golang.org/x/sys v0.0.0-20191029155521-f43be2a4598c/go.mod h1:h1NjWce9XRLGQEsW7wpKNCjG9DtNlClVuFLEZdDNbEs=
